
Microsoft Visual Studio Solution File, Format Version 12.00
# Visual Studio Version 17
VisualStudioVersion = 17.0.31903.59
MinimumVisualStudioVersion = 10.0.40219.1
Project("{2150E333-8FDC-42A3-9474-1A3956D46DE8}") = "C# Prototype", "C# Prototype", "{8DE2B699-C5CC-4D49-8C5B-01E78188289C}"
EndProject
Project("{2150E333-8FDC-42A3-9474-1A3956D46DE8}") = "C++ Engine", "C++ Engine", "{13899ED4-ED20-46EA-AF28-C9EB051537CE}"
EndProject
Project("{FAE04EC0-301F-11D3-BF4B-00C04F79EFBC}") = "AvorionLike", "AvorionLike\AvorionLike.csproj", "{4C25FBB5-B87C-464A-BD27-79AE8E6E7A4A}"
EndProject
Project("{8BC9CEB8-8B4A-11D0-8D11-00A0C91BC942}") = "SubspaceEngine", "engine\SubspaceEngine.vcxproj", "{CD7389A1-1C6F-4276-843C-34CCCF05573A}"
EndProject
Project("{8BC9CEB8-8B4A-11D0-8D11-00A0C91BC942}") = "SubspaceGame", "engine\SubspaceGame.vcxproj", "{2E356F5D-1906-4D2D-8F03-F35618718690}"
EndProject
Project("{8BC9CEB8-8B4A-11D0-8D11-00A0C91BC942}") = "SubspaceTests", "engine\SubspaceTests.vcxproj", "{CFD96AFD-1ED3-4FC8-82FF-44D007EA2366}"
EndProject
Global
	GlobalSection(SolutionConfigurationPlatforms) = preSolution
		Debug|Any CPU = Debug|Any CPU
		Debug|x64 = Debug|x64
		Debug|x86 = Debug|x86
		Release|Any CPU = Release|Any CPU
		Release|x64 = Release|x64
		Release|x86 = Release|x86
	EndGlobalSection
	GlobalSection(ProjectConfigurationPlatforms) = postSolution
		{4C25FBB5-B87C-464A-BD27-79AE8E6E7A4A}.Debug|Any CPU.ActiveCfg = Debug|Any CPU
		{4C25FBB5-B87C-464A-BD27-79AE8E6E7A4A}.Debug|Any CPU.Build.0 = Debug|Any CPU
		{4C25FBB5-B87C-464A-BD27-79AE8E6E7A4A}.Debug|x64.ActiveCfg = Debug|Any CPU
		{4C25FBB5-B87C-464A-BD27-79AE8E6E7A4A}.Debug|x64.Build.0 = Debug|Any CPU
		{4C25FBB5-B87C-464A-BD27-79AE8E6E7A4A}.Debug|x86.ActiveCfg = Debug|Any CPU
		{4C25FBB5-B87C-464A-BD27-79AE8E6E7A4A}.Debug|x86.Build.0 = Debug|Any CPU
		{4C25FBB5-B87C-464A-BD27-79AE8E6E7A4A}.Release|Any CPU.ActiveCfg = Release|Any CPU
		{4C25FBB5-B87C-464A-BD27-79AE8E6E7A4A}.Release|Any CPU.Build.0 = Release|Any CPU
		{4C25FBB5-B87C-464A-BD27-79AE8E6E7A4A}.Release|x64.ActiveCfg = Release|Any CPU
		{4C25FBB5-B87C-464A-BD27-79AE8E6E7A4A}.Release|x64.Build.0 = Release|Any CPU
		{4C25FBB5-B87C-464A-BD27-79AE8E6E7A4A}.Release|x86.ActiveCfg = Release|Any CPU
		{4C25FBB5-B87C-464A-BD27-79AE8E6E7A4A}.Release|x86.Build.0 = Release|Any CPU
		{CD7389A1-1C6F-4276-843C-34CCCF05573A}.Debug|Any CPU.ActiveCfg = Debug|x64
		{CD7389A1-1C6F-4276-843C-34CCCF05573A}.Debug|Any CPU.Build.0 = Debug|x64
		{CD7389A1-1C6F-4276-843C-34CCCF05573A}.Debug|x64.ActiveCfg = Debug|x64
		{CD7389A1-1C6F-4276-843C-34CCCF05573A}.Debug|x64.Build.0 = Debug|x64
		{CD7389A1-1C6F-4276-843C-34CCCF05573A}.Debug|x86.ActiveCfg = Debug|x64
		{CD7389A1-1C6F-4276-843C-34CCCF05573A}.Release|Any CPU.ActiveCfg = Release|x64
		{CD7389A1-1C6F-4276-843C-34CCCF05573A}.Release|Any CPU.Build.0 = Release|x64
		{CD7389A1-1C6F-4276-843C-34CCCF05573A}.Release|x64.ActiveCfg = Release|x64
		{CD7389A1-1C6F-4276-843C-34CCCF05573A}.Release|x64.Build.0 = Release|x64
		{CD7389A1-1C6F-4276-843C-34CCCF05573A}.Release|x86.ActiveCfg = Release|x64
		{2E356F5D-1906-4D2D-8F03-F35618718690}.Debug|Any CPU.ActiveCfg = Debug|x64
		{2E356F5D-1906-4D2D-8F03-F35618718690}.Debug|Any CPU.Build.0 = Debug|x64
		{2E356F5D-1906-4D2D-8F03-F35618718690}.Debug|x64.ActiveCfg = Debug|x64
		{2E356F5D-1906-4D2D-8F03-F35618718690}.Debug|x64.Build.0 = Debug|x64
		{2E356F5D-1906-4D2D-8F03-F35618718690}.Debug|x86.ActiveCfg = Debug|x64
		{2E356F5D-1906-4D2D-8F03-F35618718690}.Release|Any CPU.ActiveCfg = Release|x64
		{2E356F5D-1906-4D2D-8F03-F35618718690}.Release|Any CPU.Build.0 = Release|x64
		{2E356F5D-1906-4D2D-8F03-F35618718690}.Release|x64.ActiveCfg = Release|x64
		{2E356F5D-1906-4D2D-8F03-F35618718690}.Release|x64.Build.0 = Release|x64
		{2E356F5D-1906-4D2D-8F03-F35618718690}.Release|x86.ActiveCfg = Release|x64
		{CFD96AFD-1ED3-4FC8-82FF-44D007EA2366}.Debug|Any CPU.ActiveCfg = Debug|x64
		{CFD96AFD-1ED3-4FC8-82FF-44D007EA2366}.Debug|Any CPU.Build.0 = Debug|x64
		{CFD96AFD-1ED3-4FC8-82FF-44D007EA2366}.Debug|x64.ActiveCfg = Debug|x64
		{CFD96AFD-1ED3-4FC8-82FF-44D007EA2366}.Debug|x64.Build.0 = Debug|x64
		{CFD96AFD-1ED3-4FC8-82FF-44D007EA2366}.Debug|x86.ActiveCfg = Debug|x64
		{CFD96AFD-1ED3-4FC8-82FF-44D007EA2366}.Release|Any CPU.ActiveCfg = Release|x64
		{CFD96AFD-1ED3-4FC8-82FF-44D007EA2366}.Release|Any CPU.Build.0 = Release|x64
		{CFD96AFD-1ED3-4FC8-82FF-44D007EA2366}.Release|x64.ActiveCfg = Release|x64
		{CFD96AFD-1ED3-4FC8-82FF-44D007EA2366}.Release|x64.Build.0 = Release|x64
		{CFD96AFD-1ED3-4FC8-82FF-44D007EA2366}.Release|x86.ActiveCfg = Release|x64
	EndGlobalSection
	GlobalSection(SolutionProperties) = preSolution
		HideSolutionNode = FALSE
	EndGlobalSection
	GlobalSection(NestedProjects) = preSolution
		{4C25FBB5-B87C-464A-BD27-79AE8E6E7A4A} = {8DE2B699-C5CC-4D49-8C5B-01E78188289C}
		{CD7389A1-1C6F-4276-843C-34CCCF05573A} = {13899ED4-ED20-46EA-AF28-C9EB051537CE}
		{2E356F5D-1906-4D2D-8F03-F35618718690} = {13899ED4-ED20-46EA-AF28-C9EB051537CE}
		{CFD96AFD-1ED3-4FC8-82FF-44D007EA2366} = {13899ED4-ED20-46EA-AF28-C9EB051537CE}
	EndGlobalSection
EndGlobal
