<?xml version="1.0" encoding="utf-8"?>
<Project ToolsVersion="4.0" xmlns="http://schemas.microsoft.com/developer/msbuild/2003">
  <ItemGroup>
    <Filter Include="src">
      <UniqueIdentifier>{4FC737F1-C7A5-4376-A066-2A32D752A2FF}</UniqueIdentifier>
    </Filter>
    <Filter Include="src\ai">
      <UniqueIdentifier>{A1B2C301-0000-0000-0000-000000000001}</UniqueIdentifier>
    </Filter>
    <Filter Include="src\core">
      <UniqueIdentifier>{A1B2C301-0000-0000-0000-000000000002}</UniqueIdentifier>
    </Filter>
    <Filter Include="src\core\ecs">
      <UniqueIdentifier>{A1B2C301-0000-0000-0000-000000000012}</UniqueIdentifier>
    </Filter>
    <Filter Include="src\core\events">
      <UniqueIdentifier>{A1B2C301-0000-0000-0000-000000000013}</UniqueIdentifier>
    </Filter>
    <Filter Include="src\core\logging">
      <UniqueIdentifier>{A1B2C301-0000-0000-0000-000000000014}</UniqueIdentifier>
    </Filter>
    <Filter Include="src\core\physics">
      <UniqueIdentifier>{A1B2C301-0000-0000-0000-000000000015}</UniqueIdentifier>
    </Filter>
    <Filter Include="src\core\resources">
      <UniqueIdentifier>{A1B2C301-0000-0000-0000-000000000016}</UniqueIdentifier>
    </Filter>
    <Filter Include="src\factions">
      <UniqueIdentifier>{A1B2C301-0000-0000-0000-000000000003}</UniqueIdentifier>
    </Filter>
    <Filter Include="src\networking">
      <UniqueIdentifier>{A1B2C301-0000-0000-0000-000000000004}</UniqueIdentifier>
    </Filter>
    <Filter Include="src\rendering">
      <UniqueIdentifier>{A1B2C301-0000-0000-0000-000000000005}</UniqueIdentifier>
    </Filter>
    <Filter Include="src\ship_editor">
      <UniqueIdentifier>{A1B2C301-0000-0000-0000-000000000006}</UniqueIdentifier>
    </Filter>
    <Filter Include="src\ships">
      <UniqueIdentifier>{A1B2C301-0000-0000-0000-000000000007}</UniqueIdentifier>
    </Filter>
    <Filter Include="src\weapons">
      <UniqueIdentifier>{A1B2C301-0000-0000-0000-000000000008}</UniqueIdentifier>
    </Filter>
    <Filter Include="include">
      <UniqueIdentifier>{93995380-89BD-4B04-88EB-625FBE52EBFB}</UniqueIdentifier>
    </Filter>
    <Filter Include="include\ai">
      <UniqueIdentifier>{B1B2C301-0000-0000-0000-000000000001}</UniqueIdentifier>
    </Filter>
    <Filter Include="include\core">
      <UniqueIdentifier>{B1B2C301-0000-0000-0000-000000000002}</UniqueIdentifier>
    </Filter>
    <Filter Include="include\core\ecs">
      <UniqueIdentifier>{B1B2C301-0000-0000-0000-000000000012}</UniqueIdentifier>
    </Filter>
    <Filter Include="include\core\events">
      <UniqueIdentifier>{B1B2C301-0000-0000-0000-000000000013}</UniqueIdentifier>
    </Filter>
    <Filter Include="include\core\logging">
      <UniqueIdentifier>{B1B2C301-0000-0000-0000-000000000014}</UniqueIdentifier>
    </Filter>
    <Filter Include="include\core\physics">
      <UniqueIdentifier>{B1B2C301-0000-0000-0000-000000000015}</UniqueIdentifier>
    </Filter>
    <Filter Include="include\core\resources">
      <UniqueIdentifier>{B1B2C301-0000-0000-0000-000000000016}</UniqueIdentifier>
    </Filter>
    <Filter Include="include\factions">
      <UniqueIdentifier>{B1B2C301-0000-0000-0000-000000000003}</UniqueIdentifier>
    </Filter>
    <Filter Include="include\networking">
      <UniqueIdentifier>{B1B2C301-0000-0000-0000-000000000004}</UniqueIdentifier>
    </Filter>
    <Filter Include="include\rendering">
      <UniqueIdentifier>{B1B2C301-0000-0000-0000-000000000005}</UniqueIdentifier>
    </Filter>
    <Filter Include="include\ship_editor">
      <UniqueIdentifier>{B1B2C301-0000-0000-0000-000000000006}</UniqueIdentifier>
    </Filter>
    <Filter Include="include\ships">
      <UniqueIdentifier>{B1B2C301-0000-0000-0000-000000000007}</UniqueIdentifier>
    </Filter>
    <Filter Include="include\weapons">
      <UniqueIdentifier>{B1B2C301-0000-0000-0000-000000000008}</UniqueIdentifier>
    </Filter>
    <Filter Include="data">
      <UniqueIdentifier>{C1B2C301-0000-0000-0000-000000000001}</UniqueIdentifier>
    </Filter>
  </ItemGroup>
  <ItemGroup>
    <ClCompile Include="src\ai\AIShipBuilder.cpp">
      <Filter>src\ai</Filter>
    </ClCompile>
    <ClCompile Include="src\core\Engine.cpp">
      <Filter>src\core</Filter>
    </ClCompile>
    <ClCompile Include="src\core\Math.cpp">
      <Filter>src\core</Filter>
    </ClCompile>
    <ClCompile Include="src\core\ecs\EntityManager.cpp">
      <Filter>src\core\ecs</Filter>
    </ClCompile>
    <ClCompile Include="src\core\events\EventSystem.cpp">
      <Filter>src\core\events</Filter>
    </ClCompile>
    <ClCompile Include="src\core\logging\Logger.cpp">
      <Filter>src\core\logging</Filter>
    </ClCompile>
    <ClCompile Include="src\core\physics\PhysicsComponent.cpp">
      <Filter>src\core\physics</Filter>
    </ClCompile>
    <ClCompile Include="src\core\physics\PhysicsSystem.cpp">
      <Filter>src\core\physics</Filter>
    </ClCompile>
    <ClCompile Include="src\core\resources\Inventory.cpp">
      <Filter>src\core\resources</Filter>
    </ClCompile>
    <ClCompile Include="src\factions\FactionProfile.cpp">
      <Filter>src\factions</Filter>
    </ClCompile>
    <ClCompile Include="src\factions\SilhouetteProfile.cpp">
      <Filter>src\factions</Filter>
    </ClCompile>
    <ClCompile Include="src\networking\BuildCommand.cpp">
      <Filter>src\networking</Filter>
    </ClCompile>
    <ClCompile Include="src\rendering\GhostRenderer.cpp">
      <Filter>src\rendering</Filter>
    </ClCompile>
    <ClCompile Include="src\rendering\ShipRenderer.cpp">
      <Filter>src\rendering</Filter>
    </ClCompile>
    <ClCompile Include="src\ship_editor\ShipEditorController.cpp">
      <Filter>src\ship_editor</Filter>
    </ClCompile>
    <ClCompile Include="src\ship_editor\ShipEditorState.cpp">
      <Filter>src\ship_editor</Filter>
    </ClCompile>
    <ClCompile Include="src\ship_editor\SymmetrySystem.cpp">
      <Filter>src\ship_editor</Filter>
    </ClCompile>
    <ClCompile Include="src\ships\Block.cpp">
      <Filter>src\ships</Filter>
    </ClCompile>
    <ClCompile Include="src\ships\BlockPlacement.cpp">
      <Filter>src\ships</Filter>
    </ClCompile>
    <ClCompile Include="src\ships\Blueprint.cpp">
      <Filter>src\ships</Filter>
    </ClCompile>
    <ClCompile Include="src\ships\Ship.cpp">
      <Filter>src\ships</Filter>
    </ClCompile>
    <ClCompile Include="src\ships\ShipDamage.cpp">
      <Filter>src\ships</Filter>
    </ClCompile>
    <ClCompile Include="src\ships\ShipStats.cpp">
      <Filter>src\ships</Filter>
    </ClCompile>
    <ClCompile Include="src\weapons\WeaponSystem.cpp">
      <Filter>src\weapons</Filter>
    </ClCompile>
  </ItemGroup>
  <ItemGroup>
    <ClInclude Include="include\ai\AIShipBuilder.h">
      <Filter>include\ai</Filter>
    </ClInclude>
    <ClInclude Include="include\core\Engine.h">
      <Filter>include\core</Filter>
    </ClInclude>
    <ClInclude Include="include\core\Math.h">
      <Filter>include\core</Filter>
    </ClInclude>
    <ClInclude Include="include\core\ecs\Entity.h">
      <Filter>include\core\ecs</Filter>
    </ClInclude>
    <ClInclude Include="include\core\ecs\EntityManager.h">
      <Filter>include\core\ecs</Filter>
    </ClInclude>
    <ClInclude Include="include\core\ecs\IComponent.h">
      <Filter>include\core\ecs</Filter>
    </ClInclude>
    <ClInclude Include="include\core\ecs\SystemBase.h">
      <Filter>include\core\ecs</Filter>
    </ClInclude>
    <ClInclude Include="include\core\events\EventSystem.h">
      <Filter>include\core\events</Filter>
    </ClInclude>
    <ClInclude Include="include\core\events\GameEvents.h">
      <Filter>include\core\events</Filter>
    </ClInclude>
    <ClInclude Include="include\core\logging\Logger.h">
      <Filter>include\core\logging</Filter>
    </ClInclude>
    <ClInclude Include="include\core\physics\PhysicsComponent.h">
      <Filter>include\core\physics</Filter>
    </ClInclude>
    <ClInclude Include="include\core\physics\PhysicsSystem.h">
      <Filter>include\core\physics</Filter>
    </ClInclude>
    <ClInclude Include="include\core\resources\Inventory.h">
      <Filter>include\core\resources</Filter>
    </ClInclude>
    <ClInclude Include="include\factions\FactionProfile.h">
      <Filter>include\factions</Filter>
    </ClInclude>
    <ClInclude Include="include\factions\SilhouetteProfile.h">
      <Filter>include\factions</Filter>
    </ClInclude>
    <ClInclude Include="include\networking\BuildCommand.h">
      <Filter>include\networking</Filter>
    </ClInclude>
    <ClInclude Include="include\rendering\GhostRenderer.h">
      <Filter>include\rendering</Filter>
    </ClInclude>
    <ClInclude Include="include\rendering\ShipRenderer.h">
      <Filter>include\rendering</Filter>
    </ClInclude>
    <ClInclude Include="include\ship_editor\ShipEditorController.h">
      <Filter>include\ship_editor</Filter>
    </ClInclude>
    <ClInclude Include="include\ship_editor\ShipEditorState.h">
      <Filter>include\ship_editor</Filter>
    </ClInclude>
    <ClInclude Include="include\ship_editor\SymmetrySystem.h">
      <Filter>include\ship_editor</Filter>
    </ClInclude>
    <ClInclude Include="include\ships\Block.h">
      <Filter>include\ships</Filter>
    </ClInclude>
    <ClInclude Include="include\ships\BlockPlacement.h">
      <Filter>include\ships</Filter>
    </ClInclude>
    <ClInclude Include="include\ships\Blueprint.h">
      <Filter>include\ships</Filter>
    </ClInclude>
    <ClInclude Include="include\ships\Ship.h">
      <Filter>include\ships</Filter>
    </ClInclude>
    <ClInclude Include="include\ships\ShipDamage.h">
      <Filter>include\ships</Filter>
    </ClInclude>
    <ClInclude Include="include\ships\ShipStats.h">
      <Filter>include\ships</Filter>
    </ClInclude>
    <ClInclude Include="include\weapons\WeaponSystem.h">
      <Filter>include\weapons</Filter>
    </ClInclude>
  </ItemGroup>
  <ItemGroup>
    <None Include="data\factions\iron_dominion.json">
      <Filter>data</Filter>
    </None>
    <None Include="data\factions\nomad_continuum.json">
      <Filter>data</Filter>
    </None>
    <None Include="data\factions\helix_covenant.json">
      <Filter>data</Filter>
    </None>
    <None Include="data\factions\ashen_clades.json">
      <Filter>data</Filter>
    </None>
    <None Include="data\factions\ascended_archive.json">
      <Filter>data</Filter>
    </None>
    <None Include="CMakeLists.txt" />
    <None Include="README.md" />
  </ItemGroup>
</Project>
